dependencies:
- name: mariadb
  repository: https://charts.bitnami.com/bitnami/
  version: 21.0.3
- name: redis
  repository: https://charts.bitnami.com/bitnami/
  version: 21.2.12
digest: sha256:dc39cc298b59fd9f2a856eb73c0378c4a3bed5b0d1d6b7a7828b3fd050280b92
generated: "2025-07-17T10:07:17.002694+02:00"
